# THIS IS AN AUTOGENERATED FILE. DO NOT EDIT THIS FILE DIRECTLY.
# yarn lockfile v1


"@rsthn/rin@^2.0.29":
  version "2.0.29"
  resolved "https://registry.yarnpkg.com/@rsthn/rin/-/rin-2.0.29.tgz#559eb619f71c1844c02bb86c63daa30cdc182723"
  integrity sha512-KRgjSAeyyN9vy9Ow/IGkaLydT0wcg9R2lHMAYEHNYFOjPAwankTD63ZArI/KBxlfEoYEWTZYIykce0Yp76NgiQ==
  dependencies:
    base-64 "^1.0.0"
    node-fetch "^2.6.1"

base-64@^1.0.0:
  version "1.0.0"
  resolved "https://registry.yarnpkg.com/base-64/-/base-64-1.0.0.tgz#09d0f2084e32a3fd08c2475b973788eee6ae8f4a"
  integrity sha512-kwDPIFCGx0NZHog36dj+tHiwP4QMzsZ3AgMViUBKI0+V5n4U0ufTCUMhnQ04diaRI8EX/QcPfql7zlhZ7j4zgg==

node-fetch@^2.6.1:
  version "2.6.1"
  resolved "https://registry.yarnpkg.com/node-fetch/-/node-fetch-2.6.1.tgz#045bd323631f76ed2e2b55573394416b639a0052"
  integrity sha512-V4aYg89jEoVRxRb2fJdAg8FHvI7cEyYdVAh94HH0UIK8oJxUfkjlDQN9RbMx+bEjP7+ggMiFRprSti032Oipxw==
